
Microsoft Visual Studio Solution File, Format Version 12.00
# Visual Studio Version 16
VisualStudioVersion = 16.0.29806.167
MinimumVisualStudioVersion = 10.0.40219.1
Project("{FAE04EC0-301F-11D3-BF4B-00C04F79EFBC}") = "BeerApp", "WebApplication1\BeerApp.csproj", "{8A416346-5E98-478F-84BB-1E3F7EBCA305}"
EndProject
Project("{FAE04EC0-301F-11D3-BF4B-00C04F79EFBC}") = "BeerApiTests", "BeerApiTests\BeerApiTests.csproj", "{387C7A96-909E-4068-89B7-8CE6524D52B5}"
EndProject
Global
	GlobalSection(SolutionConfigurationPlatforms) = preSolution
		Debug|Any CPU = Debug|Any CPU
		Release|Any CPU = Release|Any CPU
	EndGlobalSection
	GlobalSection(ProjectConfigurationPlatforms) = postSolution
		{8A416346-5E98-478F-84BB-1E3F7EBCA305}.Debug|Any CPU.ActiveCfg = Debug|Any CPU
		{8A416346-5E98-478F-84BB-1E3F7EBCA305}.Debug|Any CPU.Build.0 = Debug|Any CPU
		{8A416346-5E98-478F-84BB-1E3F7EBCA305}.Release|Any CPU.ActiveCfg = Release|Any CPU
		{8A416346-5E98-478F-84BB-1E3F7EBCA305}.Release|Any CPU.Build.0 = Release|Any CPU
		{387C7A96-909E-4068-89B7-8CE6524D52B5}.Debug|Any CPU.ActiveCfg = Debug|Any CPU
		{387C7A96-909E-4068-89B7-8CE6524D52B5}.Debug|Any CPU.Build.0 = Debug|Any CPU
		{387C7A96-909E-4068-89B7-8CE6524D52B5}.Release|Any CPU.ActiveCfg = Release|Any CPU
		{387C7A96-909E-4068-89B7-8CE6524D52B5}.Release|Any CPU.Build.0 = Release|Any CPU
	EndGlobalSection
	GlobalSection(SolutionProperties) = preSolution
		HideSolutionNode = FALSE
	EndGlobalSection
	GlobalSection(ExtensibilityGlobals) = postSolution
		SolutionGuid = {A97BBA69-08F5-413B-A9A7-E842EBE8E147}
	EndGlobalSection
EndGlobal
